
Microsoft Visual Studio Solution File, Format Version 12.00
# Visual Studio Version 17
VisualStudioVersion = 17.8.34525.116
MinimumVisualStudioVersion = 10.0.40219.1
Project("{FAE04EC0-301F-11D3-BF4B-00C04F79EFBC}") = "GenerateRandomCode", "KaizenCaseStudy\GenerateRandomCode.csproj", "{0A059EEC-ED01-4D5F-9291-5CE6E0EDC468}"
EndProject
Project("{FAE04EC0-301F-11D3-BF4B-00C04F79EFBC}") = "ReceiptCanningSystem", "ReceiptCanningSystem\ReceiptCanningSystem.csproj", "{C8EAC051-87E0-44E3-8152-C25F10F764A8}"
EndProject
Global
	GlobalSection(SolutionConfigurationPlatforms) = preSolution
		Debug|Any CPU = Debug|Any CPU
		Release|Any CPU = Release|Any CPU
	EndGlobalSection
	GlobalSection(ProjectConfigurationPlatforms) = postSolution
		{0A059EEC-ED01-4D5F-9291-5CE6E0EDC468}.Debug|Any CPU.ActiveCfg = Debug|Any CPU
		{0A059EEC-ED01-4D5F-9291-5CE6E0EDC468}.Debug|Any CPU.Build.0 = Debug|Any CPU
		{0A059EEC-ED01-4D5F-9291-5CE6E0EDC468}.Release|Any CPU.ActiveCfg = Release|Any CPU
		{0A059EEC-ED01-4D5F-9291-5CE6E0EDC468}.Release|Any CPU.Build.0 = Release|Any CPU
		{C8EAC051-87E0-44E3-8152-C25F10F764A8}.Debug|Any CPU.ActiveCfg = Debug|Any CPU
		{C8EAC051-87E0-44E3-8152-C25F10F764A8}.Debug|Any CPU.Build.0 = Debug|Any CPU
		{C8EAC051-87E0-44E3-8152-C25F10F764A8}.Release|Any CPU.ActiveCfg = Release|Any CPU
		{C8EAC051-87E0-44E3-8152-C25F10F764A8}.Release|Any CPU.Build.0 = Release|Any CPU
	EndGlobalSection
	GlobalSection(SolutionProperties) = preSolution
		HideSolutionNode = FALSE
	EndGlobalSection
	GlobalSection(ExtensibilityGlobals) = postSolution
		SolutionGuid = {4BEFA37B-2149-401C-8B45-C660CCFC51D8}
	EndGlobalSection
EndGlobal
